
Microsoft Visual Studio Solution File, Format Version 12.00
# Visual Studio Version 16
VisualStudioVersion = 16.0.31205.134
MinimumVisualStudioVersion = 10.0.40219.1
Project("{9A19103F-16F7-4668-BE54-9A1E7A4F7556}") = "ASPExcelNet5", "ASPExcelNet5.csproj", "{43E3648E-0DB4-480A-8692-BAFA1C236C54}"
EndProject
Project("{9A19103F-16F7-4668-BE54-9A1E7A4F7556}") = "ExcelSQLNet5", "..\ExcelSQLNet5\ExcelSQLNet5.csproj", "{4F65E656-F209-4936-B66C-D099741433D8}"
EndProject
Global
	GlobalSection(SolutionConfigurationPlatforms) = preSolution
		Debug|Any CPU = Debug|Any CPU
		Release|Any CPU = Release|Any CPU
	EndGlobalSection
	GlobalSection(ProjectConfigurationPlatforms) = postSolution
		{43E3648E-0DB4-480A-8692-BAFA1C236C54}.Debug|Any CPU.ActiveCfg = Debug|Any CPU
		{43E3648E-0DB4-480A-8692-BAFA1C236C54}.Debug|Any CPU.Build.0 = Debug|Any CPU
		{43E3648E-0DB4-480A-8692-BAFA1C236C54}.Release|Any CPU.ActiveCfg = Release|Any CPU
		{43E3648E-0DB4-480A-8692-BAFA1C236C54}.Release|Any CPU.Build.0 = Release|Any CPU
		{4F65E656-F209-4936-B66C-D099741433D8}.Debug|Any CPU.ActiveCfg = Debug|Any CPU
		{4F65E656-F209-4936-B66C-D099741433D8}.Debug|Any CPU.Build.0 = Debug|Any CPU
		{4F65E656-F209-4936-B66C-D099741433D8}.Release|Any CPU.ActiveCfg = Release|Any CPU
		{4F65E656-F209-4936-B66C-D099741433D8}.Release|Any CPU.Build.0 = Release|Any CPU
	EndGlobalSection
	GlobalSection(SolutionProperties) = preSolution
		HideSolutionNode = FALSE
	EndGlobalSection
	GlobalSection(ExtensibilityGlobals) = postSolution
		SolutionGuid = {97C1F4C2-E739-46F0-BB64-32A583BEE997}
	EndGlobalSection
EndGlobal
